// !$*UTF8*$!
{
	archiveVersion = 1;
	classes = {
	};
	objectVersion = 55;
	objects = {

/* Begin PBXBuildFile section */
		320B8BEE274FCED7004274AE /* VirtualTouristDataM.xcdatamodeld in Sources */ = {isa = PBXBuildFile; fileRef = 320B8BEC274FCED7004274AE /* VirtualTouristDataM.xcdatamodeld */; };
		320B8BF1274FD36D004274AE /* FlickrClient.swift in Sources */ = {isa = PBXBuildFile; fileRef = 320B8BF0274FD36D004274AE /* FlickrClient.swift */; };
		320B8BF3274FD376004274AE /* FlickrConstants.swift in Sources */ = {isa = PBXBuildFile; fileRef = 320B8BF2274FD376004274AE /* FlickrConstants.swift */; };
		320B8BF5274FD4F5004274AE /* FlickrImage.swift in Sources */ = {isa = PBXBuildFile; fileRef = 320B8BF4274FD4F5004274AE /* FlickrImage.swift */; };
		320B8BF7274FDCA8004274AE /* PhotosAlbumViewController.swift in Sources */ = {isa = PBXBuildFile; fileRef = 320B8BF6274FDCA8004274AE /* PhotosAlbumViewController.swift */; };
		320B8BF9274FDCE7004274AE /* Pin+CoreDataClass .swift in Sources */ = {isa = PBXBuildFile; fileRef = 320B8BF8274FDCE7004274AE /* Pin+CoreDataClass .swift */; };
		320B8BFB274FDCF6004274AE /* Pin+CoreDataProperties.swift in Sources */ = {isa = PBXBuildFile; fileRef = 320B8BFA274FDCF6004274AE /* Pin+CoreDataProperties.swift */; };
		320B8BFD274FDCFF004274AE /* Photo+CoreDataClass.swift in Sources */ = {isa = PBXBuildFile; fileRef = 320B8BFC274FDCFF004274AE /* Photo+CoreDataClass.swift */; };
		320B8BFF274FDD0B004274AE /* Photo+CoreDataProperties.swift in Sources */ = {isa = PBXBuildFile; fileRef = 320B8BFE274FDD0B004274AE /* Photo+CoreDataProperties.swift */; };
		320B8C01274FE49D004274AE /* UpdatesOnUI.swift in Sources */ = {isa = PBXBuildFile; fileRef = 320B8C00274FE49D004274AE /* UpdatesOnUI.swift */; };
		322F60A6274FBE3400D23F5C /* AppDelegate.swift in Sources */ = {isa = PBXBuildFile; fileRef = 322F60A5274FBE3400D23F5C /* AppDelegate.swift */; };
		322F60AD274FBE3400D23F5C /* Main.storyboard in Resources */ = {isa = PBXBuildFile; fileRef = 322F60AB274FBE3400D23F5C /* Main.storyboard */; };
		322F60AF274FBE3800D23F5C /* Assets.xcassets in Resources */ = {isa = PBXBuildFile; fileRef = 322F60AE274FBE3800D23F5C /* Assets.xcassets */; };
		322F60B2274FBE3800D23F5C /* LaunchScreen.storyboard in Resources */ = {isa = PBXBuildFile; fileRef = 322F60B0274FBE3800D23F5C /* LaunchScreen.storyboard */; };
		322F60BB274FBF8900D23F5C /* TravelMapViewController.swift in Sources */ = {isa = PBXBuildFile; fileRef = 322F60BA274FBF8900D23F5C /* TravelMapViewController.swift */; };
		322F60BF274FC04E00D23F5C /* DataControllerClass.swift in Sources */ = {isa = PBXBuildFile; fileRef = 322F60BE274FC04E00D23F5C /* DataControllerClass.swift */; };
		600A01E62471E9EB2D711487 /* Pods_Virtual_Tourist_3_0.framework in Frameworks */ = {isa = PBXBuildFile; fileRef = AF8C64D8DCC88B1AD432E37D /* Pods_Virtual_Tourist_3_0.framework */; };
/* End PBXBuildFile section */

/* Begin PBXFileReference section */
		27F6879BBD8DE0029A931658 /* Pods-Virtual Tourist 3.0.debug.xcconfig */ = {isa = PBXFileReference; includeInIndex = 1; lastKnownFileType = text.xcconfig; name = "Pods-Virtual Tourist 3.0.debug.xcconfig"; path = "Target Support Files/Pods-Virtual Tourist 3.0/Pods-Virtual Tourist 3.0.debug.xcconfig"; sourceTree = "<group>"; };
		320B8BED274FCED7004274AE /* VirtualTouristDataM.xcdatamodel */ = {isa = PBXFileReference; lastKnownFileType = wrapper.xcdatamodel; path = VirtualTouristDataM.xcdatamodel; sourceTree = "<group>"; };
		320B8BF0274FD36D004274AE /* FlickrClient.swift */ = {isa = PBXFileReference; lastKnownFileType = sourcecode.swift; path = FlickrClient.swift; sourceTree = "<group>"; };
		320B8BF2274FD376004274AE /* FlickrConstants.swift */ = {isa = PBXFileReference; lastKnownFileType = sourcecode.swift; path = FlickrConstants.swift; sourceTree = "<group>"; };
		320B8BF4274FD4F5004274AE /* FlickrImage.swift */ = {isa = PBXFileReference; lastKnownFileType = sourcecode.swift; path = FlickrImage.swift; sourceTree = "<group>"; };
		320B8BF6274FDCA8004274AE /* PhotosAlbumViewController.swift */ = {isa = PBXFileReference; lastKnownFileType = sourcecode.swift; path = PhotosAlbumViewController.swift; sourceTree = "<group>"; };
		320B8BF8274FDCE7004274AE /* Pin+CoreDataClass .swift */ = {isa = PBXFileReference; lastKnownFileType = sourcecode.swift; path = "Pin+CoreDataClass .swift"; sourceTree = "<group>"; };
		320B8BFA274FDCF6004274AE /* Pin+CoreDataProperties.swift */ = {isa = PBXFileReference; lastKnownFileType = sourcecode.swift; path = "Pin+CoreDataProperties.swift"; sourceTree = "<group>"; };
		320B8BFC274FDCFF004274AE /* Photo+CoreDataClass.swift */ = {isa = PBXFileReference; lastKnownFileType = sourcecode.swift; path = "Photo+CoreDataClass.swift"; sourceTree = "<group>"; };
		320B8BFE274FDD0B004274AE /* Photo+CoreDataProperties.swift */ = {isa = PBXFileReference; lastKnownFileType = sourcecode.swift; path = "Photo+CoreDataProperties.swift"; sourceTree = "<group>"; };
		320B8C00274FE49D004274AE /* UpdatesOnUI.swift */ = {isa = PBXFileReference; lastKnownFileType = sourcecode.swift; path = UpdatesOnUI.swift; sourceTree = "<group>"; };
		322F60A2274FBE3400D23F5C /* Virtual Tourist 3.0.app */ = {isa = PBXFileReference; explicitFileType = wrapper.application; includeInIndex = 0; path = "Virtual Tourist 3.0.app"; sourceTree = BUILT_PRODUCTS_DIR; };
		322F60A5274FBE3400D23F5C /* AppDelegate.swift */ = {isa = PBXFileReference; lastKnownFileType = sourcecode.swift; path = AppDelegate.swift; sourceTree = "<group>"; };
		322F60AC274FBE3400D23F5C /* Base */ = {isa = PBXFileReference; lastKnownFileType = file.storyboard; name = Base; path = Base.lproj/Main.storyboard; sourceTree = "<group>"; };
		322F60AE274FBE3800D23F5C /* Assets.xcassets */ = {isa = PBXFileReference; lastKnownFileType = folder.assetcatalog; path = Assets.xcassets; sourceTree = "<group>"; };
		322F60B1274FBE3800D23F5C /* Base */ = {isa = PBXFileReference; lastKnownFileType = file.storyboard; name = Base; path = Base.lproj/LaunchScreen.storyboard; sourceTree = "<group>"; };
		322F60B3274FBE3800D23F5C /* Info.plist */ = {isa = PBXFileReference; lastKnownFileType = text.plist.xml; path = Info.plist; sourceTree = "<group>"; };
		322F60BA274FBF8900D23F5C /* TravelMapViewController.swift */ = {isa = PBXFileReference; lastKnownFileType = sourcecode.swift; path = TravelMapViewController.swift; sourceTree = "<group>"; };
		322F60BE274FC04E00D23F5C /* DataControllerClass.swift */ = {isa = PBXFileReference; lastKnownFileType = sourcecode.swift; path = DataControllerClass.swift; sourceTree = "<group>"; };
		3B8D7F34F115A41CB680AA32 /* Pods-Virtual Tourist 3.0.release.xcconfig */ = {isa = PBXFileReference; includeInIndex = 1; lastKnownFileType = text.xcconfig; name = "Pods-Virtual Tourist 3.0.release.xcconfig"; path = "Target Support Files/Pods-Virtual Tourist 3.0/Pods-Virtual Tourist 3.0.release.xcconfig"; sourceTree = "<group>"; };
		AF8C64D8DCC88B1AD432E37D /* Pods_Virtual_Tourist_3_0.framework */ = {isa = PBXFileReference; explicitFileType = wrapper.framework; includeInIndex = 0; path = Pods_Virtual_Tourist_3_0.framework; sourceTree = BUILT_PRODUCTS_DIR; };
/* End PBXFileReference section */

/* Begin PBXFrameworksBuildPhase section */
		322F609F274FBE3400D23F5C /* Frameworks */ = {
			isa = PBXFrameworksBuildPhase;
			buildActionMask = 2147483647;
			files = (
				600A01E62471E9EB2D711487 /* Pods_Virtual_Tourist_3_0.framework in Frameworks */,
			);
			runOnlyForDeploymentPostprocessing = 0;
		};
/* End PBXFrameworksBuildPhase section */

/* Begin PBXGroup section */
		10EB0AB860E1519A72A340B4 /* Pods */ = {
			isa = PBXGroup;
			children = (
				27F6879BBD8DE0029A931658 /* Pods-Virtual Tourist 3.0.debug.xcconfig */,
				3B8D7F34F115A41CB680AA32 /* Pods-Virtual Tourist 3.0.release.xcconfig */,
			);
			path = Pods;
			sourceTree = "<group>";
		};
		320B8BEF274FD35C004274AE /* Networking  */ = {
			isa = PBXGroup;
			children = (
				320B8BF0274FD36D004274AE /* FlickrClient.swift */,
				320B8BF2274FD376004274AE /* FlickrConstants.swift */,
			);
			path = "Networking ";
			sourceTree = "<group>";
		};
		322F6099274FBE3400D23F5C = {
			isa = PBXGroup;
			children = (
				322F60A4274FBE3400D23F5C /* Virtual Tourist 3.0 */,
				322F60A3274FBE3400D23F5C /* Products */,
				10EB0AB860E1519A72A340B4 /* Pods */,
				CE36B14CCA510D5BA36D1F05 /* Frameworks */,
			);
			sourceTree = "<group>";
		};
		322F60A3274FBE3400D23F5C /* Products */ = {
			isa = PBXGroup;
			children = (
				322F60A2274FBE3400D23F5C /* Virtual Tourist 3.0.app */,
			);
			name = Products;
			sourceTree = "<group>";
		};
		322F60A4274FBE3400D23F5C /* Virtual Tourist 3.0 */ = {
			isa = PBXGroup;
			children = (
				322F60A5274FBE3400D23F5C /* AppDelegate.swift */,
				322F60AE274FBE3800D23F5C /* Assets.xcassets */,
				322F60B9274FBF7200D23F5C /* Controllers */,
				322F60B3274FBE3800D23F5C /* Info.plist */,
				322F60BD274FC04200D23F5C /* Model */,
				320B8BEF274FD35C004274AE /* Networking  */,
				320B8C00274FE49D004274AE /* UpdatesOnUI.swift */,
				322F60BC274FC03B00D23F5C /* View */,
			);
			path = "Virtual Tourist 3.0";
			sourceTree = "<group>";
		};
		322F60B9274FBF7200D23F5C /* Controllers */ = {
			isa = PBXGroup;
			children = (
				322F60BA274FBF8900D23F5C /* TravelMapViewController.swift */,
				320B8BF6274FDCA8004274AE /* PhotosAlbumViewController.swift */,
			);
			path = Controllers;
			sourceTree = "<group>";
		};
		322F60BC274FC03B00D23F5C /* View */ = {
			isa = PBXGroup;
			children = (
				322F60AB274FBE3400D23F5C /* Main.storyboard */,
				322F60B0274FBE3800D23F5C /* LaunchScreen.storyboard */,
			);
			path = View;
			sourceTree = "<group>";
		};
		322F60BD274FC04200D23F5C /* Model */ = {
			isa = PBXGroup;
			children = (
				322F60BE274FC04E00D23F5C /* DataControllerClass.swift */,
				320B8BEC274FCED7004274AE /* VirtualTouristDataM.xcdatamodeld */,
				320B8BF4274FD4F5004274AE /* FlickrImage.swift */,
				320B8BF8274FDCE7004274AE /* Pin+CoreDataClass .swift */,
				320B8BFA274FDCF6004274AE /* Pin+CoreDataProperties.swift */,
				320B8BFC274FDCFF004274AE /* Photo+CoreDataClass.swift */,
				320B8BFE274FDD0B004274AE /* Photo+CoreDataProperties.swift */,
			);
			path = Model;
			sourceTree = "<group>";
		};
		CE36B14CCA510D5BA36D1F05 /* Frameworks */ = {
			isa = PBXGroup;
			children = (
				AF8C64D8DCC88B1AD432E37D /* Pods_Virtual_Tourist_3_0.framework */,
			);
			name = Frameworks;
			sourceTree = "<group>";
		};
/* End PBXGroup section */

/* Begin PBXNativeTarget section */
		322F60A1274FBE3400D23F5C /* Virtual Tourist 3.0 */ = {
			isa = PBXNativeTarget;
			buildConfigurationList = 322F60B6274FBE3800D23F5C /* Build configuration list for PBXNativeTarget "Virtual Tourist 3.0" */;
			buildPhases = (
				64E6997B8C4E07F9663D8160 /* [CP] Check Pods Manifest.lock */,
				322F609E274FBE3400D23F5C /* Sources */,
				322F609F274FBE3400D23F5C /* Frameworks */,
				322F60A0274FBE3400D23F5C /* Resources */,
				1601D75D04790BF9061B62DC /* [CP] Embed Pods Frameworks */,
			);
			buildRules = (
			);
			dependencies = (
			);
			name = "Virtual Tourist 3.0";
			productName = "Virtual Tourist 3.0";
			productReference = 322F60A2274FBE3400D23F5C /* Virtual Tourist 3.0.app */;
			productType = "com.apple.product-type.application";
		};
/* End PBXNativeTarget section */

/* Begin PBXProject section */
		322F609A274FBE3400D23F5C /* Project object */ = {
			isa = PBXProject;
			attributes = {
				BuildIndependentTargetsInParallel = 1;
				LastSwiftUpdateCheck = 1300;
				LastUpgradeCheck = 1300;
				TargetAttributes = {
					322F60A1274FBE3400D23F5C = {
						CreatedOnToolsVersion = 13.0;
					};
				};
			};
			buildConfigurationList = 322F609D274FBE3400D23F5C /* Build configuration list for PBXProject "Virtual Tourist 3.0" */;
			compatibilityVersion = "Xcode 13.0";
			developmentRegion = en;
			hasScannedForEncodings = 0;
			knownRegions = (
				en,
				Base,
			);
			mainGroup = 322F6099274FBE3400D23F5C;
			productRefGroup = 322F60A3274FBE3400D23F5C /* Products */;
			projectDirPath = "";
			projectRoot = "";
			targets = (
				322F60A1274FBE3400D23F5C /* Virtual Tourist 3.0 */,
			);
		};
/* End PBXProject section */

/* Begin PBXResourcesBuildPhase section */
		322F60A0274FBE3400D23F5C /* Resources */ = {
			isa = PBXResourcesBuildPhase;
			buildActionMask = 2147483647;
			files = (
				322F60B2274FBE3800D23F5C /* LaunchScreen.storyboard in Resources */,
				322F60AF274FBE3800D23F5C /* Assets.xcassets in Resources */,
				322F60AD274FBE3400D23F5C /* Main.storyboard in Resources */,
			);
			runOnlyForDeploymentPostprocessing = 0;
		};
/* End PBXResourcesBuildPhase section */

/* Begin PBXShellScriptBuildPhase section */
		1601D75D04790BF9061B62DC /* [CP] Embed Pods Frameworks */ = {
			isa = PBXShellScriptBuildPhase;
			buildActionMask = 2147483647;
			files = (
			);
			inputFileListPaths = (
				"${PODS_ROOT}/Target Support Files/Pods-Virtual Tourist 3.0/Pods-Virtual Tourist 3.0-frameworks-${CONFIGURATION}-input-files.xcfilelist",
			);
			name = "[CP] Embed Pods Frameworks";
			outputFileListPaths = (
				"${PODS_ROOT}/Target Support Files/Pods-Virtual Tourist 3.0/Pods-Virtual Tourist 3.0-frameworks-${CONFIGURATION}-output-files.xcfilelist",
			);
			runOnlyForDeploymentPostprocessing = 0;
			shellPath = /bin/sh;
			shellScript = "\"${PODS_ROOT}/Target Support Files/Pods-Virtual Tourist 3.0/Pods-Virtual Tourist 3.0-frameworks.sh\"\n";
			showEnvVarsInLog = 0;
		};
		64E6997B8C4E07F9663D8160 /* [CP] Check Pods Manifest.lock */ = {
			isa = PBXShellScriptBuildPhase;
			buildActionMask = 2147483647;
			files = (
			);
			inputFileListPaths = (
			);
			inputPaths = (
				"${PODS_PODFILE_DIR_PATH}/Podfile.lock",
				"${PODS_ROOT}/Manifest.lock",
			);
			name = "[CP] Check Pods Manifest.lock";
			outputFileListPaths = (
			);
			outputPaths = (
				"$(DERIVED_FILE_DIR)/Pods-Virtual Tourist 3.0-checkManifestLockResult.txt",
			);
			runOnlyForDeploymentPostprocessing = 0;
			shellPath = /bin/sh;
			shellScript = "diff \"${PODS_PODFILE_DIR_PATH}/Podfile.lock\" \"${PODS_ROOT}/Manifest.lock\" > /dev/null\nif [ $? != 0 ] ; then\n    # print error to STDERR\n    echo \"error: The sandbox is not in sync with the Podfile.lock. Run 'pod install' or update your CocoaPods installation.\" >&2\n    exit 1\nfi\n# This output is used by Xcode 'outputs' to avoid re-running this script phase.\necho \"SUCCESS\" > \"${SCRIPT_OUTPUT_FILE_0}\"\n";
			showEnvVarsInLog = 0;
		};
/* End PBXShellScriptBuildPhase section */

/* Begin PBXSourcesBuildPhase section */
		322F609E274FBE3400D23F5C /* Sources */ = {
			isa = PBXSourcesBuildPhase;
			buildActionMask = 2147483647;
			files = (
				320B8BF5274FD4F5004274AE /* FlickrImage.swift in Sources */,
				320B8BFD274FDCFF004274AE /* Photo+CoreDataClass.swift in Sources */,
				320B8BEE274FCED7004274AE /* VirtualTouristDataM.xcdatamodeld in Sources */,
				320B8BF1274FD36D004274AE /* FlickrClient.swift in Sources */,
				320B8BFB274FDCF6004274AE /* Pin+CoreDataProperties.swift in Sources */,
				322F60BF274FC04E00D23F5C /* DataControllerClass.swift in Sources */,
				320B8BFF274FDD0B004274AE /* Photo+CoreDataProperties.swift in Sources */,
				322F60A6274FBE3400D23F5C /* AppDelegate.swift in Sources */,
				320B8C01274FE49D004274AE /* UpdatesOnUI.swift in Sources */,
				320B8BF3274FD376004274AE /* FlickrConstants.swift in Sources */,
				320B8BF9274FDCE7004274AE /* Pin+CoreDataClass .swift in Sources */,
				322F60BB274FBF8900D23F5C /* TravelMapViewController.swift in Sources */,
				320B8BF7274FDCA8004274AE /* PhotosAlbumViewController.swift in Sources */,
			);
			runOnlyForDeploymentPostprocessing = 0;
		};
/* End PBXSourcesBuildPhase section */

/* Begin PBXVariantGroup section */
		322F60AB274FBE3400D23F5C /* Main.storyboard */ = {
			isa = PBXVariantGroup;
			children = (
				322F60AC274FBE3400D23F5C /* Base */,
			);
			name = Main.storyboard;
			sourceTree = "<group>";
		};
		322F60B0274FBE3800D23F5C /* LaunchScreen.storyboard */ = {
			isa = PBXVariantGroup;
			children = (
				322F60B1274FBE3800D23F5C /* Base */,
			);
			name = LaunchScreen.storyboard;
			sourceTree = "<group>";
		};
/* End PBXVariantGroup section */

/* Begin XCBuildConfiguration section */
		322F60B4274FBE3800D23F5C /* Debug */ = {
			isa = XCBuildConfiguration;
			buildSettings = {
				ALWAYS_SEARCH_USER_PATHS = NO;
				CLANG_ANALYZER_NONNULL = YES;
				CLANG_ANALYZER_NUMBER_OBJECT_CONVERSION = YES_AGGRESSIVE;
				CLANG_CXX_LANGUAGE_STANDARD = "gnu++17";
				CLANG_CXX_LIBRARY = "libc++";
				CLANG_ENABLE_MODULES = YES;
				CLANG_ENABLE_OBJC_ARC = YES;
				CLANG_ENABLE_OBJC_WEAK = YES;
				CLANG_WARN_BLOCK_CAPTURE_AUTORELEASING = YES;
				CLANG_WARN_BOOL_CONVERSION = YES;
				CLANG_WARN_COMMA = YES;
				CLANG_WARN_CONSTANT_CONVERSION = YES;
				CLANG_WARN_DEPRECATED_OBJC_IMPLEMENTATIONS = YES;
				CLANG_WARN_DIRECT_OBJC_ISA_USAGE = YES_ERROR;
				CLANG_WARN_DOCUMENTATION_COMMENTS = YES;
				CLANG_WARN_EMPTY_BODY = YES;
				CLANG_WARN_ENUM_CONVERSION = YES;
				CLANG_WARN_INFINITE_RECURSION = YES;
				CLANG_WARN_INT_CONVERSION = YES;
				CLANG_WARN_NON_LITERAL_NULL_CONVERSION = YES;
				CLANG_WARN_OBJC_IMPLICIT_RETAIN_SELF = YES;
				CLANG_WARN_OBJC_LITERAL_CONVERSION = YES;
				CLANG_WARN_OBJC_ROOT_CLASS = YES_ERROR;
				CLANG_WARN_QUOTED_INCLUDE_IN_FRAMEWORK_HEADER = YES;
				CLANG_WARN_RANGE_LOOP_ANALYSIS = YES;
				CLANG_WARN_STRICT_PROTOTYPES = YES;
				CLANG_WARN_SUSPICIOUS_MOVE = YES;
				CLANG_WARN_UNGUARDED_AVAILABILITY = YES_AGGRESSIVE;
				CLANG_WARN_UNREACHABLE_CODE = YES;
				CLANG_WARN__DUPLICATE_METHOD_MATCH = YES;
				COPY_PHASE_STRIP = NO;
				DEBUG_INFORMATION_FORMAT = dwarf;
				ENABLE_STRICT_OBJC_MSGSEND = YES;
				ENABLE_TESTABILITY = YES;
				GCC_C_LANGUAGE_STANDARD = gnu11;
				GCC_DYNAMIC_NO_PIC = NO;
				GCC_NO_COMMON_BLOCKS = YES;
				GCC_OPTIMIZATION_LEVEL = 0;
				GCC_PREPROCESSOR_DEFINITIONS = (
					"DEBUG=1",
					"$(inherited)",
				);
				GCC_WARN_64_TO_32_BIT_CONVERSION = YES;
				GCC_WARN_ABOUT_RETURN_TYPE = YES_ERROR;
				GCC_WARN_UNDECLARED_SELECTOR = YES;
				GCC_WARN_UNINITIALIZED_AUTOS = YES_AGGRESSIVE;
				GCC_WARN_UNUSED_FUNCTION = YES;
				GCC_WARN_UNUSED_VARIABLE = YES;
				IPHONEOS_DEPLOYMENT_TARGET = 15.0;
				MTL_ENABLE_DEBUG_INFO = INCLUDE_SOURCE;
				MTL_FAST_MATH = YES;
				ONLY_ACTIVE_ARCH = YES;
				SDKROOT = iphoneos;
				SWIFT_ACTIVE_COMPILATION_CONDITIONS = DEBUG;
				SWIFT_OPTIMIZATION_LEVEL = "-Onone";
			};
			name = Debug;
		};
		322F60B5274FBE3800D23F5C /* Release */ = {
			isa = XCBuildConfiguration;
			buildSettings = {
				ALWAYS_SEARCH_USER_PATHS = NO;
				CLANG_ANALYZER_NONNULL = YES;
				CLANG_ANALYZER_NUMBER_OBJECT_CONVERSION = YES_AGGRESSIVE;
				CLANG_CXX_LANGUAGE_STANDARD = "gnu++17";
				CLANG_CXX_LIBRARY = "libc++";
				CLANG_ENABLE_MODULES = YES;
				CLANG_ENABLE_OBJC_ARC = YES;
				CLANG_ENABLE_OBJC_WEAK = YES;
				CLANG_WARN_BLOCK_CAPTURE_AUTORELEASING = YES;
				CLANG_WARN_BOOL_CONVERSION = YES;
				CLANG_WARN_COMMA = YES;
				CLANG_WARN_CONSTANT_CONVERSION = YES;
				CLANG_WARN_DEPRECATED_OBJC_IMPLEMENTATIONS = YES;
				CLANG_WARN_DIRECT_OBJC_ISA_USAGE = YES_ERROR;
				CLANG_WARN_DOCUMENTATION_COMMENTS = YES;
				CLANG_WARN_EMPTY_BODY = YES;
				CLANG_WARN_ENUM_CONVERSION = YES;
				CLANG_WARN_INFINITE_RECURSION = YES;
				CLANG_WARN_INT_CONVERSION = YES;
				CLANG_WARN_NON_LITERAL_NULL_CONVERSION = YES;
				CLANG_WARN_OBJC_IMPLICIT_RETAIN_SELF = YES;
				CLANG_WARN_OBJC_LITERAL_CONVERSION = YES;
				CLANG_WARN_OBJC_ROOT_CLASS = YES_ERROR;
				CLANG_WARN_QUOTED_INCLUDE_IN_FRAMEWORK_HEADER = YES;
				CLANG_WARN_RANGE_LOOP_ANALYSIS = YES;
				CLANG_WARN_STRICT_PROTOTYPES = YES;
				CLANG_WARN_SUSPICIOUS_MOVE = YES;
				CLANG_WARN_UNGUARDED_AVAILABILITY = YES_AGGRESSIVE;
				CLANG_WARN_UNREACHABLE_CODE = YES;
				CLANG_WARN__DUPLICATE_METHOD_MATCH = YES;
				COPY_PHASE_STRIP = NO;
				DEBUG_INFORMATION_FORMAT = "dwarf-with-dsym";
				ENABLE_NS_ASSERTIONS = NO;
				ENABLE_STRICT_OBJC_MSGSEND = YES;
				GCC_C_LANGUAGE_STANDARD = gnu11;
				GCC_NO_COMMON_BLOCKS = YES;
				GCC_WARN_64_TO_32_BIT_CONVERSION = YES;
				GCC_WARN_ABOUT_RETURN_TYPE = YES_ERROR;
				GCC_WARN_UNDECLARED_SELECTOR = YES;
				GCC_WARN_UNINITIALIZED_AUTOS = YES_AGGRESSIVE;
				GCC_WARN_UNUSED_FUNCTION = YES;
				GCC_WARN_UNUSED_VARIABLE = YES;
				IPHONEOS_DEPLOYMENT_TARGET = 15.0;
				MTL_ENABLE_DEBUG_INFO = NO;
				MTL_FAST_MATH = YES;
				SDKROOT = iphoneos;
				SWIFT_COMPILATION_MODE = wholemodule;
				SWIFT_OPTIMIZATION_LEVEL = "-O";
				VALIDATE_PRODUCT = YES;
			};
			name = Release;
		};
		322F60B7274FBE3800D23F5C /* Debug */ = {
			isa = XCBuildConfiguration;
			baseConfigurationReference = 27F6879BBD8DE0029A931658 /* Pods-Virtual Tourist 3.0.debug.xcconfig */;
			buildSettings = {
				ASSETCATALOG_COMPILER_APPICON_NAME = AppIcon;
				ASSETCATALOG_COMPILER_GLOBAL_ACCENT_COLOR_NAME = AccentColor;
				CODE_SIGN_STYLE = Automatic;
				CURRENT_PROJECT_VERSION = 1;
				DEVELOPMENT_TEAM = RFFN3596XB;
				GENERATE_INFOPLIST_FILE = YES;
				INFOPLIST_FILE = "Virtual Tourist 3.0/Info.plist";
				INFOPLIST_KEY_UIApplicationSupportsIndirectInputEvents = YES;
				INFOPLIST_KEY_UILaunchStoryboardName = LaunchScreen;
				INFOPLIST_KEY_UIMainStoryboardFile = Main;
				INFOPLIST_KEY_UISupportedInterfaceOrientations_iPad = "UIInterfaceOrientationPortrait UIInterfaceOrientationPortraitUpsideDown UIInterfaceOrientationLandscapeLeft UIInterfaceOrientationLandscapeRight";
				INFOPLIST_KEY_UISupportedInterfaceOrientations_iPhone = "UIInterfaceOrientationPortrait UIInterfaceOrientationLandscapeLeft UIInterfaceOrientationLandscapeRight";
				LD_RUNPATH_SEARCH_PATHS = (
					"$(inherited)",
					"@executable_path/Frameworks",
				);
				MARKETING_VERSION = 1.0;
				PRODUCT_BUNDLE_IDENTIFIER = "com.omarzakaria.virtualtourist3.0.Virtual-Tourist-3-0";
				PRODUCT_NAME = "$(TARGET_NAME)";
				SWIFT_EMIT_LOC_STRINGS = YES;
				SWIFT_VERSION = 5.0;
				TARGETED_DEVICE_FAMILY = "1,2";
			};
			name = Debug;
		};
		322F60B8274FBE3800D23F5C /* Release */ = {
			isa = XCBuildConfiguration;
			baseConfigurationReference = 3B8D7F34F115A41CB680AA32 /* Pods-Virtual Tourist 3.0.release.xcconfig */;
			buildSettings = {
				ASSETCATALOG_COMPILER_APPICON_NAME = AppIcon;
				ASSETCATALOG_COMPILER_GLOBAL_ACCENT_COLOR_NAME = AccentColor;
				CODE_SIGN_STYLE = Automatic;
				CURRENT_PROJECT_VERSION = 1;
				DEVELOPMENT_TEAM = RFFN3596XB;
				GENERATE_INFOPLIST_FILE = YES;
				INFOPLIST_FILE = "Virtual Tourist 3.0/Info.plist";
				INFOPLIST_KEY_UIApplicationSupportsIndirectInputEvents = YES;
				INFOPLIST_KEY_UILaunchStoryboardName = LaunchScreen;
				INFOPLIST_KEY_UIMainStoryboardFile = Main;
				INFOPLIST_KEY_UISupportedInterfaceOrientations_iPad = "UIInterfaceOrientationPortrait UIInterfaceOrientationPortraitUpsideDown UIInterfaceOrientationLandscapeLeft UIInterfaceOrientationLandscapeRight";
				INFOPLIST_KEY_UISupportedInterfaceOrientations_iPhone = "UIInterfaceOrientationPortrait UIInterfaceOrientationLandscapeLeft UIInterfaceOrientationLandscapeRight";
				LD_RUNPATH_SEARCH_PATHS = (
					"$(inherited)",
					"@executable_path/Frameworks",
				);
				MARKETING_VERSION = 1.0;
				PRODUCT_BUNDLE_IDENTIFIER = "com.omarzakaria.virtualtourist3.0.Virtual-Tourist-3-0";
				PRODUCT_NAME = "$(TARGET_NAME)";
				SWIFT_EMIT_LOC_STRINGS = YES;
				SWIFT_VERSION = 5.0;
				TARGETED_DEVICE_FAMILY = "1,2";
			};
			name = Release;
		};
/* End XCBuildConfiguration section */

/* Begin XCConfigurationList section */
		322F609D274FBE3400D23F5C /* Build configuration list for PBXProject "Virtual Tourist 3.0" */ = {
			isa = XCConfigurationList;
			buildConfigurations = (
				322F60B4274FBE3800D23F5C /* Debug */,
				322F60B5274FBE3800D23F5C /* Release */,
			);
			defaultConfigurationIsVisible = 0;
			defaultConfigurationName = Release;
		};
		322F60B6274FBE3800D23F5C /* Build configuration list for PBXNativeTarget "Virtual Tourist 3.0" */ = {
			isa = XCConfigurationList;
			buildConfigurations = (
				322F60B7274FBE3800D23F5C /* Debug */,
				322F60B8274FBE3800D23F5C /* Release */,
			);
			defaultConfigurationIsVisible = 0;
			defaultConfigurationName = Release;
		};
/* End XCConfigurationList section */

/* Begin XCVersionGroup section */
		320B8BEC274FCED7004274AE /* VirtualTouristDataM.xcdatamodeld */ = {
			isa = XCVersionGroup;
			children = (
				320B8BED274FCED7004274AE /* VirtualTouristDataM.xcdatamodel */,
			);
			currentVersion = 320B8BED274FCED7004274AE /* VirtualTouristDataM.xcdatamodel */;
			path = VirtualTouristDataM.xcdatamodeld;
			sourceTree = "<group>";
			versionGroupType = wrapper.xcdatamodel;
		};
/* End XCVersionGroup section */
	};
	rootObject = 322F609A274FBE3400D23F5C /* Project object */;
}
